
Microsoft Visual Studio Solution File, Format Version 12.00
# Visual Studio Version 17
VisualStudioVersion = 17.0.31903.59
MinimumVisualStudioVersion = 10.0.40219.1
Project("{FAE04EC0-301F-11D3-BF4B-00C04F79EFBC}") = "Radegast.Core", "Radegast.Core\Radegast.Core.csproj", "{2E487BBC-EB0D-4B09-8643-22F2E701D1A4}"
EndProject
Project("{FAE04EC0-301F-11D3-BF4B-00C04F79EFBC}") = "Radegast.Core.Tests", "Radegast.Core.Tests\Radegast.Core.Tests.csproj", "{981C25D9-DCEF-4238-A740-213FB8CD05E9}"
EndProject
Project("{FAE04EC0-301F-11D3-BF4B-00C04F79EFBC}") = "RadegastVeles", "RadegastVeles\RadegastVeles.csproj", "{4004DDA0-4918-4229-85D2-A4D55B72ED71}"
EndProject
Global
	GlobalSection(SolutionConfigurationPlatforms) = preSolution
		Debug|Any CPU = Debug|Any CPU
		Release|Any CPU = Release|Any CPU
	EndGlobalSection
	GlobalSection(SolutionProperties) = preSolution
		HideSolutionNode = FALSE
	EndGlobalSection
	GlobalSection(ProjectConfigurationPlatforms) = postSolution
		{2E487BBC-EB0D-4B09-8643-22F2E701D1A4}.Debug|Any CPU.ActiveCfg = Debug|Any CPU
		{2E487BBC-EB0D-4B09-8643-22F2E701D1A4}.Debug|Any CPU.Build.0 = Debug|Any CPU
		{2E487BBC-EB0D-4B09-8643-22F2E701D1A4}.Release|Any CPU.ActiveCfg = Release|Any CPU
		{2E487BBC-EB0D-4B09-8643-22F2E701D1A4}.Release|Any CPU.Build.0 = Release|Any CPU
		{981C25D9-DCEF-4238-A740-213FB8CD05E9}.Debug|Any CPU.ActiveCfg = Debug|Any CPU
		{981C25D9-DCEF-4238-A740-213FB8CD05E9}.Debug|Any CPU.Build.0 = Debug|Any CPU
		{981C25D9-DCEF-4238-A740-213FB8CD05E9}.Release|Any CPU.ActiveCfg = Release|Any CPU
		{981C25D9-DCEF-4238-A740-213FB8CD05E9}.Release|Any CPU.Build.0 = Release|Any CPU
		{4004DDA0-4918-4229-85D2-A4D55B72ED71}.Debug|Any CPU.ActiveCfg = Debug|Any CPU
		{4004DDA0-4918-4229-85D2-A4D55B72ED71}.Debug|Any CPU.Build.0 = Debug|Any CPU
		{4004DDA0-4918-4229-85D2-A4D55B72ED71}.Release|Any CPU.ActiveCfg = Release|Any CPU
		{4004DDA0-4918-4229-85D2-A4D55B72ED71}.Release|Any CPU.Build.0 = Release|Any CPU
	EndGlobalSection
EndGlobal
